{
  "version": 4,
  "terraform_version": "0.12.29",
  "serial": 42,
  "lineage": "601ed182-d538-c03c-6dd1-4af83d469c62",
  "outputs": {
    "public_ip": {
      "value": "137.116.142.83",
      "type": "string"
    }
  },
  "resources": [
    {
      "mode": "managed",
      "type": "azurerm_network_interface",
      "name": "this",
      "provider": "provider.azurerm",
      "instances": [
        {
          "schema_version": 0,
          "attributes": {
            "applied_dns_servers": [],
            "dns_servers": [],
            "enable_accelerated_networking": false,
            "enable_ip_forwarding": false,
            "id": "/subscriptions/2fc77d44-a037-4e7b-822c-d51f8788b873/resourceGroups/azure-resources/providers/Microsoft.Network/networkInterfaces/azure-nic-1",
            "internal_dns_name_label": "",
            "internal_domain_name_suffix": "sofj4rtpea4ethkxwflmkzwiha.ix.internal.cloudapp.net",
            "ip_configuration": [
              {
                "name": "internal",
                "primary": true,
                "private_ip_address": "10.0.2.4",
                "private_ip_address_allocation": "Dynamic",
                "private_ip_address_version": "IPv4",
                "public_ip_address_id": "/subscriptions/2fc77d44-a037-4e7b-822c-d51f8788b873/resourceGroups/azure-resources/providers/Microsoft.Network/publicIPAddresses/azure-public-ip-1",
                "subnet_id": "/subscriptions/2fc77d44-a037-4e7b-822c-d51f8788b873/resourceGroups/azure-resources/providers/Microsoft.Network/virtualNetworks/azure-network/subnets/private_subnet"
              }
            ],
            "location": "southeastasia",
            "mac_address": "00-22-48-55-A8-D0",
            "name": "azure-nic-1",
            "private_ip_address": "10.0.2.4",
            "private_ip_addresses": [
              "10.0.2.4"
            ],
            "resource_group_name": "azure-resources",
            "tags": {
              "role": "devops"
            },
            "timeouts": null,
            "virtual_machine_id": "/subscriptions/2fc77d44-a037-4e7b-822c-d51f8788b873/resourceGroups/azure-resources/providers/Microsoft.Compute/virtualMachines/azure-vm-1"
          },
          "private": "eyJlMmJmYjczMC1lY2FhLTExZTYtOGY4OC0zNDM2M2JjN2M0YzAiOnsiY3JlYXRlIjoxODAwMDAwMDAwMDAwLCJkZWxldGUiOjE4MDAwMDAwMDAwMDAsInJlYWQiOjMwMDAwMDAwMDAwMCwidXBkYXRlIjoxODAwMDAwMDAwMDAwfX0=",
          "dependencies": [
            "azurerm_public_ip.this",
            "azurerm_resource_group.this",
            "azurerm_subnet.private",
            "azurerm_virtual_network.this"
          ]
        }
      ]
    },
    {
      "mode": "managed",
      "type": "azurerm_public_ip",
      "name": "this",
      "provider": "provider.azurerm",
      "instances": [
        {
          "schema_version": 0,
          "attributes": {
            "allocation_method": "Dynamic",
            "domain_name_label": "azure-public-ip",
            "fqdn": "azure-public-ip.southeastasia.cloudapp.azure.com",
            "id": "/subscriptions/2fc77d44-a037-4e7b-822c-d51f8788b873/resourceGroups/azure-resources/providers/Microsoft.Network/publicIPAddresses/azure-public-ip-1",
            "idle_timeout_in_minutes": 4,
            "ip_address": "137.116.142.83",
            "ip_version": "IPv4",
            "location": "southeastasia",
            "name": "azure-public-ip-1",
            "public_ip_prefix_id": null,
            "resource_group_name": "azure-resources",
            "reverse_fqdn": "",
            "sku": "Basic",
            "tags": {
              "role": "devops"
            },
            "timeouts": null,
            "zones": []
          },
          "private": "eyJlMmJmYjczMC1lY2FhLTExZTYtOGY4OC0zNDM2M2JjN2M0YzAiOnsiY3JlYXRlIjoxODAwMDAwMDAwMDAwLCJkZWxldGUiOjE4MDAwMDAwMDAwMDAsInJlYWQiOjMwMDAwMDAwMDAwMCwidXBkYXRlIjoxODAwMDAwMDAwMDAwfX0=",
          "dependencies": [
            "azurerm_resource_group.this"
          ]
        }
      ]
    },
    {
      "mode": "managed",
      "type": "azurerm_resource_group",
      "name": "this",
      "provider": "provider.azurerm",
      "instances": [
        {
          "schema_version": 0,
          "attributes": {
            "id": "/subscriptions/2fc77d44-a037-4e7b-822c-d51f8788b873/resourceGroups/azure-resources",
            "location": "southeastasia",
            "name": "azure-resources",
            "tags": {},
            "timeouts": null
          },
          "private": "eyJlMmJmYjczMC1lY2FhLTExZTYtOGY4OC0zNDM2M2JjN2M0YzAiOnsiY3JlYXRlIjo1NDAwMDAwMDAwMDAwLCJkZWxldGUiOjU0MDAwMDAwMDAwMDAsInJlYWQiOjMwMDAwMDAwMDAwMCwidXBkYXRlIjo1NDAwMDAwMDAwMDAwfX0="
        }
      ]
    },
    {
      "mode": "managed",
      "type": "azurerm_subnet",
      "name": "private",
      "provider": "provider.azurerm",
      "instances": [
        {
          "schema_version": 0,
          "attributes": {
            "address_prefix": "10.0.2.0/24",
            "address_prefixes": [
              "10.0.2.0/24"
            ],
            "delegation": [],
            "enforce_private_link_endpoint_network_policies": false,
            "enforce_private_link_service_network_policies": false,
            "id": "/subscriptions/2fc77d44-a037-4e7b-822c-d51f8788b873/resourceGroups/azure-resources/providers/Microsoft.Network/virtualNetworks/azure-network/subnets/private_subnet",
            "name": "private_subnet",
            "resource_group_name": "azure-resources",
            "service_endpoints": [],
            "timeouts": null,
            "virtual_network_name": "azure-network"
          },
          "private": "eyJlMmJmYjczMC1lY2FhLTExZTYtOGY4OC0zNDM2M2JjN2M0YzAiOnsiY3JlYXRlIjoxODAwMDAwMDAwMDAwLCJkZWxldGUiOjE4MDAwMDAwMDAwMDAsInJlYWQiOjMwMDAwMDAwMDAwMCwidXBkYXRlIjoxODAwMDAwMDAwMDAwfX0=",
          "dependencies": [
            "azurerm_resource_group.this",
            "azurerm_virtual_network.this"
          ]
        }
      ]
    },
    {
      "mode": "managed",
      "type": "azurerm_virtual_machine",
      "name": "this",
      "provider": "provider.azurerm",
      "instances": [
        {
          "schema_version": 0,
          "attributes": {
            "additional_capabilities": [],
            "availability_set_id": null,
            "boot_diagnostics": [],
            "delete_data_disks_on_termination": true,
            "delete_os_disk_on_termination": true,
            "id": "/subscriptions/2fc77d44-a037-4e7b-822c-d51f8788b873/resourceGroups/azure-resources/providers/Microsoft.Compute/virtualMachines/azure-vm-1",
            "identity": [],
            "license_type": null,
            "location": "southeastasia",
            "name": "azure-vm-1",
            "network_interface_ids": [
              "/subscriptions/2fc77d44-a037-4e7b-822c-d51f8788b873/resourceGroups/azure-resources/providers/Microsoft.Network/networkInterfaces/azure-nic-1"
            ],
            "os_profile": [
              {
                "admin_password": "",
                "admin_username": "adminuser",
                "computer_name": "azure-vm-1",
                "custom_data": ""
              }
            ],
            "os_profile_linux_config": [
              {
                "disable_password_authentication": true,
                "ssh_keys": [
                  {
                    "key_data": "ssh-rsa AAAAB3NzaC1yc2EAAAADAQABAAACAQDNOdcUL/7Dh4I1oQ53p4ZWSBzj7+7yhU2B4LceIXWpRv0B6FhvZlxnad2gndZb2kFPRBaSAjUdW/O+QOWZQH6Iy0w7yyckNBdZ1G9Ok1MZob2SOIPQ4t/9RHWUZpxJWZTpVvmz1HJDwt1Bz1KNKYDRJgVZW0t2ZYmmlG+iIa7qU/rH2oWvQxUvz3u8G+vKXFwD+8ag3x66Ume5vmP5HnPdX6YufpAO6EGx9YdYPIH4m524+sNzWB+8KgwHz8tkgy9FDcMnVKWAJu+/UL5EayA3lCzgzKvaqtd9Y3dtSELdVLL+zVZVnQEnWDXvlIiOXjPbj6nh70aYat5nu+7MJiKtJ/OmnUyeAfrR1dSjFhDvQQlqJUsUPSrjP2X1/Q9XrTM0TOBuwUHZJXD/OaOCxfIoO89N32vUKtxsH9bDP6kzHdCa7M4C29F6bDpHJzkLllQRu9AOHGwKItwuq6uV9RYpZFQ5sCRVQDUNKH7SqdqUbyPrj2VpFDwgYIIvkAemBV3YlXtun9JePiLsd0d7k4xty7CyqlUVl4/ePqzu8CQknhVyi3MHD+MPxMVxBPQd2jMEsFgt1eRkKrGeYzHJemK844n+ljtFR0YDPrp4a9Nndo9JaDaLELAERoh1lgu6TWlcICxl5syB4hF/6zLaT75hK5l0aJdy4/uhoZFKn6Danw== bigchoo@air.cracker.org\n",
                    "path": "/home/adminuser/.ssh/authorized_keys"
                  }
                ]
              }
            ],
            "os_profile_secrets": [],
            "os_profile_windows_config": [],
            "plan": [],
            "primary_network_interface_id": null,
            "proximity_placement_group_id": null,
            "resource_group_name": "azure-resources",
            "storage_data_disk": [],
            "storage_image_reference": [
              {
                "id": "/subscriptions/2fc77d44-a037-4e7b-822c-d51f8788b873/resourceGroups/packer-rg/providers/Microsoft.Compute/images/Ubuntu_image_1804_lts",
                "offer": "",
                "publisher": "",
                "sku": "",
                "version": ""
              }
            ],
            "storage_os_disk": [
              {
                "caching": "ReadWrite",
                "create_option": "FromImage",
                "disk_size_gb": 30,
                "image_uri": "",
                "managed_disk_id": "/subscriptions/2fc77d44-a037-4e7b-822c-d51f8788b873/resourceGroups/azure-resources/providers/Microsoft.Compute/disks/azure-vm-os-disk",
                "managed_disk_type": "Standard_LRS",
                "name": "azure-vm-os-disk",
                "os_type": "Linux",
                "vhd_uri": "",
                "write_accelerator_enabled": false
              }
            ],
            "tags": {
              "role": "devops"
            },
            "timeouts": null,
            "vm_size": "Standard_B1s",
            "zones": []
          },
          "private": "eyJlMmJmYjczMC1lY2FhLTExZTYtOGY4OC0zNDM2M2JjN2M0YzAiOnsiY3JlYXRlIjozNjAwMDAwMDAwMDAwLCJkZWxldGUiOjM2MDAwMDAwMDAwMDAsInJlYWQiOjMwMDAwMDAwMDAwMCwidXBkYXRlIjozNjAwMDAwMDAwMDAwfX0=",
          "dependencies": [
            "azurerm_network_interface.this",
            "azurerm_public_ip.this",
            "azurerm_resource_group.this",
            "azurerm_subnet.private",
            "azurerm_virtual_network.this"
          ]
        }
      ]
    },
    {
      "mode": "managed",
      "type": "azurerm_virtual_network",
      "name": "this",
      "provider": "provider.azurerm",
      "instances": [
        {
          "schema_version": 0,
          "attributes": {
            "address_space": [
              "10.0.0.0/16"
            ],
            "bgp_community": "",
            "ddos_protection_plan": [],
            "dns_servers": [],
            "guid": "469f8a93-206f-493c-9d57-b156c566c838",
            "id": "/subscriptions/2fc77d44-a037-4e7b-822c-d51f8788b873/resourceGroups/azure-resources/providers/Microsoft.Network/virtualNetworks/azure-network",
            "location": "southeastasia",
            "name": "azure-network",
            "resource_group_name": "azure-resources",
            "subnet": [
              {
                "address_prefix": "10.0.2.0/24",
                "id": "/subscriptions/2fc77d44-a037-4e7b-822c-d51f8788b873/resourceGroups/azure-resources/providers/Microsoft.Network/virtualNetworks/azure-network/subnets/private_subnet",
                "name": "private_subnet",
                "security_group": ""
              }
            ],
            "tags": {
              "role": "devops"
            },
            "timeouts": null,
            "vm_protection_enabled": false
          },
          "private": "eyJlMmJmYjczMC1lY2FhLTExZTYtOGY4OC0zNDM2M2JjN2M0YzAiOnsiY3JlYXRlIjoxODAwMDAwMDAwMDAwLCJkZWxldGUiOjE4MDAwMDAwMDAwMDAsInJlYWQiOjMwMDAwMDAwMDAwMCwidXBkYXRlIjoxODAwMDAwMDAwMDAwfX0=",
          "dependencies": [
            "azurerm_resource_group.this"
          ]
        }
      ]
    }
  ]
}
